
Microsoft Visual Studio Solution File, Format Version 12.00
# Visual Studio Version 17
VisualStudioVersion = 17.0.31903.59
MinimumVisualStudioVersion = 10.0.40219.1
Project("{FAE04EC0-301F-11D3-BF4B-00C04F79EFBC}") = "TSAuth.Api", "TSAuth.Api\TSAuth.Api.csproj", "{24C4055C-3AFB-4139-AC02-1AB43CC67D60}"
EndProject
Global
	GlobalSection(SolutionConfigurationPlatforms) = preSolution
		Debug|Any CPU = Debug|Any CPU
		Release|Any CPU = Release|Any CPU
	EndGlobalSection
	GlobalSection(SolutionProperties) = preSolution
		HideSolutionNode = FALSE
	EndGlobalSection
	GlobalSection(ProjectConfigurationPlatforms) = postSolution
		{24C4055C-3AFB-4139-AC02-1AB43CC67D60}.Debug|Any CPU.ActiveCfg = Debug|Any CPU
		{24C4055C-3AFB-4139-AC02-1AB43CC67D60}.Debug|Any CPU.Build.0 = Debug|Any CPU
		{24C4055C-3AFB-4139-AC02-1AB43CC67D60}.Release|Any CPU.ActiveCfg = Release|Any CPU
		{24C4055C-3AFB-4139-AC02-1AB43CC67D60}.Release|Any CPU.Build.0 = Release|Any CPU
	EndGlobalSection
EndGlobal
